
Microsoft Visual Studio Solution File, Format Version 12.00
# Visual Studio Version 17
VisualStudioVersion = 17.7.34031.279
MinimumVisualStudioVersion = 10.0.40219.1
Project("{FAE04EC0-301F-11D3-BF4B-00C04F79EFBC}") = "String validation", "String validation\String validation.csproj", "{362EFA1D-23A6-4576-B34E-8A2CF28C2DA1}"
EndProject
Global
	GlobalSection(SolutionConfigurationPlatforms) = preSolution
		Debug|Any CPU = Debug|Any CPU
		Release|Any CPU = Release|Any CPU
	EndGlobalSection
	GlobalSection(ProjectConfigurationPlatforms) = postSolution
		{362EFA1D-23A6-4576-B34E-8A2CF28C2DA1}.Debug|Any CPU.ActiveCfg = Debug|Any CPU
		{362EFA1D-23A6-4576-B34E-8A2CF28C2DA1}.Debug|Any CPU.Build.0 = Debug|Any CPU
		{362EFA1D-23A6-4576-B34E-8A2CF28C2DA1}.Release|Any CPU.ActiveCfg = Release|Any CPU
		{362EFA1D-23A6-4576-B34E-8A2CF28C2DA1}.Release|Any CPU.Build.0 = Release|Any CPU
	EndGlobalSection
	GlobalSection(SolutionProperties) = preSolution
		HideSolutionNode = FALSE
	EndGlobalSection
	GlobalSection(ExtensibilityGlobals) = postSolution
		SolutionGuid = {32447C25-2D15-4EE5-BD45-BED9950809C0}
	EndGlobalSection
EndGlobal
